
Microsoft Visual Studio Solution File, Format Version 12.00
# Visual Studio Version 17
VisualStudioVersion = 17.11.35312.102
MinimumVisualStudioVersion = 10.0.40219.1
Project("{888888A0-9F3D-457C-B088-3A5042F75D52}") = "базовые и производные классы", "базовые и производные классы.pyproj", "{20B9F36D-14DD-4BEF-8FEB-8919A2C84AFF}"
EndProject
Global
	GlobalSection(SolutionConfigurationPlatforms) = preSolution
		Debug|Any CPU = Debug|Any CPU
		Release|Any CPU = Release|Any CPU
	EndGlobalSection
	GlobalSection(ProjectConfigurationPlatforms) = postSolution
		{20B9F36D-14DD-4BEF-8FEB-8919A2C84AFF}.Debug|Any CPU.ActiveCfg = Debug|Any CPU
		{20B9F36D-14DD-4BEF-8FEB-8919A2C84AFF}.Release|Any CPU.ActiveCfg = Release|Any CPU
	EndGlobalSection
	GlobalSection(SolutionProperties) = preSolution
		HideSolutionNode = FALSE
	EndGlobalSection
	GlobalSection(ExtensibilityGlobals) = postSolution
		SolutionGuid = {63088B95-3DA6-490F-81A3-2E5EAEC4AF46}
	EndGlobalSection
EndGlobal
